version = 1
revision = 3
requires-python = "==3.11.*"

[[package]]
name = "attrs"
version = "26.1.0"
source = { registry = "https://pypi.org/simple" }
sdist = { url = "https://files.pythonhosted.org/packages/9a/8e/82a0fe20a541c03148528be8cac2408564a6c9a0cc7e9171802bc1d26985/attrs-26.1.0.tar.gz", hash = "sha256:d03ceb89cb322a8fd706d4fb91940737b6642aa36998fe130a9bc96c985eff32", size = 952055, upload-time = "2026-03-19T14:22:25.026Z" }
wheels = [
    { url = "https://files.pythonhosted.org/packages/64/b4/17d4b0b2a2dc85a6df63d1157e028ed19f90d4cd97c36717afef2bc2f395/attrs-26.1.0-py3-none-any.whl", hash = "sha256:c647aa4a12dfbad9333ca4e71fe62ddc36f4e63b2d260a37a8b83d2f043ac309", size = 67548, upload-time = "2026-03-19T14:22:23.645Z" },
]

[[package]]
name = "bracex"
version = "3.0"
source = { registry = "https://pypi.org/simple" }
sdist = { url = "https://files.pythonhosted.org/packages/d0/f5/4473ad9b48cd0420a2d762a3750fa0e078e23e060b1af72662e5987e5530/bracex-3.0.tar.gz", hash = "sha256:b73f718d6bd98d8419e45df02426c86e9967c179949f779340d6c3a8c83b9111", size = 43162, upload-time = "2026-06-30T00:43:35.279Z" }
wheels = [
    { url = "https://files.pythonhosted.org/packages/f5/2e/68781b78e764e5ccc4af1e3d27e060069c73af90234853fa80000e7ee79d/bracex-3.0-py3-none-any.whl", hash = "sha256:3833e61c2f092d5aa0468fa2e6c6e990a306185abf763b6d122f0158e59c58a5", size = 11738, upload-time = "2026-06-30T00:43:34.196Z" },
]

[[package]]
name = "cffi"
version = "2.0.0"
source = { registry = "https://pypi.org/simple" }
dependencies = [
    { name = "pycparser", marker = "implementation_name != 'PyPy'" },
]
sdist = { url = "https://files.pythonhosted.org/packages/eb/56/b1ba7935a17738ae8453301356628e8147c79dbb825bcbc73dc7401f9846/cffi-2.0.0.tar.gz", hash = "sha256:44d1b5909021139fe36001ae048dbdde8214afa20200eda0f64c068cac5d5529", size = 523588, upload-time = "2025-09-08T23:24:04.541Z" }
wheels = [
    { url = "https://files.pythonhosted.org/packages/12/4a/3dfd5f7850cbf0d06dc84ba9aa00db766b52ca38d8b86e3a38314d52498c/cffi-2.0.0-cp311-cp311-macosx_10_13_x86_64.whl", hash = "sha256:b4c854ef3adc177950a8dfc81a86f5115d2abd545751a304c5bcf2c2c7283cfe", size = 184344, upload-time = "2025-09-08T23:22:26.456Z" },
    { url = "https://files.pythonhosted.org/packages/4f/8b/f0e4c441227ba756aafbe78f117485b25bb26b1c059d01f137fa6d14896b/cffi-2.0.0-cp311-cp311-macosx_11_0_arm64.whl", hash = "sha256:2de9a304e27f7596cd03d16f1b7c72219bd944e99cc52b84d0145aefb07cbd3c", size = 180560, upload-time = "2025-09-08T23:22:28.197Z" },
    { url = "https://files.pythonhosted.org/packages/b1/b7/1200d354378ef52ec227395d95c2576330fd22a869f7a70e88e1447eb234/cffi-2.0.0-cp311-cp311-manylinux1_i686.manylinux2014_i686.manylinux_2_17_i686.manylinux_2_5_i686.whl", hash = "sha256:baf5215e0ab74c16e2dd324e8ec067ef59e41125d3eade2b863d294fd5035c92", size = 209613, upload-time = "2025-09-08T23:22:29.475Z" },
    { url = "https://files.pythonhosted.org/packages/b8/56/6033f5e86e8cc9bb629f0077ba71679508bdf54a9a5e112a3c0b91870332/cffi-2.0.0-cp311-cp311-manylinux2014_aarch64.manylinux_2_17_aarch64.whl", hash = "sha256:730cacb21e1bdff3ce90babf007d0a0917cc3e6492f336c2f0134101e0944f93", size = 216476, upload-time = "2025-09-08T23:22:31.063Z" },
    { url = "https://files.pythonhosted.org/packages/dc/7f/55fecd70f7ece178db2f26128ec41430d8720f2d12ca97bf8f0a628207d5/cffi-2.0.0-cp311-cp311-manylinux2014_ppc64le.manylinux_2_17_ppc64le.whl", hash = "sha256:6824f87845e3396029f3820c206e459ccc91760e8fa24422f8b0c3d1731cbec5", size = 203374, upload-time = "2025-09-08T23:22:32.507Z" },
    { url = "https://files.pythonhosted.org/packages/84/ef/a7b77c8bdc0f77adc3b46888f1ad54be8f3b7821697a7b89126e829e676a/cffi-2.0.0-cp311-cp311-manylinux2014_s390x.manylinux_2_17_s390x.whl", hash = "sha256:9de40a7b0323d889cf8d23d1ef214f565ab154443c42737dfe52ff82cf857664", size = 202597, upload-time = "2025-09-08T23:22:34.132Z" },
    { url = "https://files.pythonhosted.org/packages/d7/91/500d892b2bf36529a75b77958edfcd5ad8e2ce4064ce2ecfeab2125d72d1/cffi-2.0.0-cp311-cp311-manylinux2014_x86_64.manylinux_2_17_x86_64.whl", hash = "sha256:8941aaadaf67246224cee8c3803777eed332a19d909b47e29c9842ef1e79ac26", size = 215574, upload-time = "2025-09-08T23:22:35.443Z" },
    { url = "https://files.pythonhosted.org/packages/44/64/58f6255b62b101093d5df22dcb752596066c7e89dd725e0afaed242a61be/cffi-2.0.0-cp311-cp311-musllinux_1_2_aarch64.whl", hash = "sha256:a05d0c237b3349096d3981b727493e22147f934b20f6f125a3eba8f994bec4a9", size = 218971, upload-time = "2025-09-08T23:22:36.805Z" },
    { url = "https://files.pythonhosted.org/packages/ab/49/fa72cebe2fd8a55fbe14956f9970fe8eb1ac59e5df042f603ef7c8ba0adc/cffi-2.0.0-cp311-cp311-musllinux_1_2_i686.whl", hash = "sha256:94698a9c5f91f9d138526b48fe26a199609544591f859c870d477351dc7b2414", size = 211972, upload-time = "2025-09-08T23:22:38.436Z" },
    { url = "https://files.pythonhosted.org/packages/0b/28/dd0967a76aab36731b6ebfe64dec4e981aff7e0608f60c2d46b46982607d/cffi-2.0.0-cp311-cp311-musllinux_1_2_x86_64.whl", hash = "sha256:5fed36fccc0612a53f1d4d9a816b50a36702c28a2aa880cb8a122b3466638743", size = 217078, upload-time = "2025-09-08T23:22:39.776Z" },
    { url = "https://files.pythonhosted.org/packages/2b/c0/015b25184413d7ab0a410775fdb4a50fca20f5589b5dab1dbbfa3baad8ce/cffi-2.0.0-cp311-cp311-win32.whl", hash = "sha256:c649e3a33450ec82378822b3dad03cc228b8f5963c0c12fc3b1e0ab940f768a5", size = 172076, upload-time = "2025-09-08T23:22:40.95Z" },
    { url = "https://files.pythonhosted.org/packages/ae/8f/dc5531155e7070361eb1b7e4c1a9d896d0cb21c49f807a6c03fd63fc877e/cffi-2.0.0-cp311-cp311-win_amd64.whl", hash = "sha256:66f011380d0e49ed280c789fbd08ff0d40968ee7b665575489afa95c98196ab5", size = 182820, upload-time = "2025-09-08T23:22:42.463Z" },
    { url = "https://files.pythonhosted.org/packages/95/5c/1b493356429f9aecfd56bc171285a4c4ac8697f76e9bbbbb105e537853a1/cffi-2.0.0-cp311-cp311-win_arm64.whl", hash = "sha256:c6638687455baf640e37344fe26d37c404db8b80d037c3d29f58fe8d1c3b194d", size = 177635, upload-time = "2025-09-08T23:22:43.623Z" },
]

[[package]]
name = "colorama"
version = "0.4.6"
source = { registry = "https://pypi.org/simple" }
sdist = { url = "https://files.pythonhosted.org/packages/d8/53/6f443c9a4a8358a93a6792e2acffb9d9d5cb0a5cfd8802644b7b1c9a02e4/colorama-0.4.6.tar.gz", hash = "sha256:08695f5cb7ed6e0531a20572697297273c47b8cae5a63ffc6d6ed5c201be6e44", size = 27697, upload-time = "2022-10-25T02:36:22.414Z" }
wheels = [
    { url = "https://files.pythonhosted.org/packages/d1/d6/3965ed04c63042e047cb6a3e6ed1a63a35087b6a609aa3a15ed8ac56c221/colorama-0.4.6-py2.py3-none-any.whl", hash = "sha256:4f1d9991f5acc0ca119f9d443620b77f9d6b33703e51011c16baf57afb285fc6", size = 25335, upload-time = "2022-10-25T02:36:20.889Z" },
]

[[package]]
name = "filelock"
version = "3.29.3"
source = { registry = "https://pypi.org/simple" }
sdist = { url = "https://files.pythonhosted.org/packages/91/f5/3557bf28e0f1943e4849154c821533706e6dea010f96fb6aa0b6949037d1/filelock-3.29.3.tar.gz", hash = "sha256:7fc1b3f39cf172fd8203812043c57b8a65aef9969f38b6704f628b881f761a84", size = 61956, upload-time = "2026-06-10T17:37:11.832Z" }
wheels = [
    { url = "https://files.pythonhosted.org/packages/81/8f/b61d427c4f49a8bdadc93f4e7e74df8a6df6f77ee6e26bf0df53d3925363/filelock-3.29.3-py3-none-any.whl", hash = "sha256:e58333029cc9b925f39aad59b1d8f0a1ad836af4e60d7217f4a4dba87461261d", size = 42324, upload-time = "2026-06-10T17:37:10.37Z" },
]

[[package]]
name = "jmespath"
version = "1.1.0"
source = { registry = "https://pypi.org/simple" }
sdist = { url = "https://files.pythonhosted.org/packages/d3/59/322338183ecda247fb5d1763a6cbe46eff7222eaeebafd9fa65d4bf5cb11/jmespath-1.1.0.tar.gz", hash = "sha256:472c87d80f36026ae83c6ddd0f1d05d4e510134ed462851fd5f754c8c3cbb88d", size = 27377, upload-time = "2026-01-22T16:35:26.279Z" }
wheels = [
    { url = "https://files.pythonhosted.org/packages/14/2f/967ba146e6d58cf6a652da73885f52fc68001525b4197effc174321d70b4/jmespath-1.1.0-py3-none-any.whl", hash = "sha256:a5663118de4908c91729bea0acadca56526eb2698e83de10cd116ae0f4e97c64", size = 20419, upload-time = "2026-01-22T16:35:24.919Z" },
]

[[package]]
name = "jsonschema"
version = "4.26.0"
source = { registry = "https://pypi.org/simple" }
dependencies = [
    { name = "attrs" },
    { name = "jsonschema-specifications" },
    { name = "referencing" },
    { name = "rpds-py" },
]
sdist = { url = "https://files.pythonhosted.org/packages/b3/fc/e067678238fa451312d4c62bf6e6cf5ec56375422aee02f9cb5f909b3047/jsonschema-4.26.0.tar.gz", hash = "sha256:0c26707e2efad8aa1bfc5b7ce170f3fccc2e4918ff85989ba9ffa9facb2be326", size = 366583, upload-time = "2026-01-07T13:41:07.246Z" }
wheels = [
    { url = "https://files.pythonhosted.org/packages/69/90/f63fb5873511e014207a475e2bb4e8b2e570d655b00ac19a9a0ca0a385ee/jsonschema-4.26.0-py3-none-any.whl", hash = "sha256:d489f15263b8d200f8387e64b4c3a75f06629559fb73deb8fdfb525f2dab50ce", size = 90630, upload-time = "2026-01-07T13:41:05.306Z" },
]

[[package]]
name = "jsonschema-specifications"
version = "2025.9.1"
source = { registry = "https://pypi.org/simple" }
dependencies = [
    { name = "referencing" },
]
sdist = { url = "https://files.pythonhosted.org/packages/19/74/a633ee74eb36c44aa6d1095e7cc5569bebf04342ee146178e2d36600708b/jsonschema_specifications-2025.9.1.tar.gz", hash = "sha256:b540987f239e745613c7a9176f3edb72b832a4ac465cf02712288397832b5e8d", size = 32855, upload-time = "2025-09-08T01:34:59.186Z" }
wheels = [
    { url = "https://files.pythonhosted.org/packages/41/45/1a4ed80516f02155c51f51e8cedb3c1902296743db0bbc66608a0db2814f/jsonschema_specifications-2025.9.1-py3-none-any.whl", hash = "sha256:98802fee3a11ee76ecaca44429fda8a41bff98b00a0f2838151b113f210cc6fe", size = 18437, upload-time = "2025-09-08T01:34:57.871Z" },
]

[[package]]
name = "lark"
version = "1.3.1"
source = { registry = "https://pypi.org/simple" }
sdist = { url = "https://files.pythonhosted.org/packages/da/34/28fff3ab31ccff1fd4f6c7c7b0ceb2b6968d8ea4950663eadcb5720591a0/lark-1.3.1.tar.gz", hash = "sha256:b426a7a6d6d53189d318f2b6236ab5d6429eaf09259f1ca33eb716eed10d2905", size = 382732, upload-time = "2025-10-27T18:25:56.653Z" }
wheels = [
    { url = "https://files.pythonhosted.org/packages/82/3d/14ce75ef66813643812f3093ab17e46d3a206942ce7376d31ec2d36229e7/lark-1.3.1-py3-none-any.whl", hash = "sha256:c629b661023a014c37da873b4ff58a817398d12635d3bbb2c5a03be7fe5d1e12", size = 113151, upload-time = "2025-10-27T18:25:54.882Z" },
]

[[package]]
name = "multi-storage-client"
version = "0.41.0"
source = { registry = "https://pypi.org/simple" }
dependencies = [
    { name = "filelock" },
    { name = "jmespath" },
    { name = "jsonschema" },
    { name = "lark" },
    { name = "opentelemetry-api" },
    { name = "prettytable" },
    { name = "psutil" },
    { name = "python-dateutil" },
    { name = "pyyaml" },
    { name = "tqdm" },
    { name = "tzdata" },
    { name = "wcmatch" },
    { name = "xattr" },
]
wheels = [
    { url = "https://files.pythonhosted.org/packages/86/76/41010bc6fdef26b3d333243d4943c4503ef8a25d4e957e9e9c61b7cdd07e/multi_storage_client-0.41.0-cp311-cp311-macosx_14_0_arm64.whl", hash = "sha256:6905c9bb50be0a2a984068473a9865ea47517252e51af0b933a20c65e399854b", size = 8450878, upload-time = "2026-01-23T19:35:52.607Z" },
    { url = "https://files.pythonhosted.org/packages/9b/0d/0fac37cddb88a12c4419bf9c09cb278e0bb3110e9741b0853840a61c3a9b/multi_storage_client-0.41.0-cp311-cp311-manylinux_2_17_aarch64.manylinux2014_aarch64.whl", hash = "sha256:8760846cedf740ae0b7512516c58410a0819187876a5ec7792ba18af05cff9eb", size = 4800912, upload-time = "2026-01-23T19:38:31.93Z" },
    { url = "https://files.pythonhosted.org/packages/6f/f6/7216de22b331c49badf40dba343e9f643d428b12e6782f9c97cd2aea1ef3/multi_storage_client-0.41.0-cp311-cp311-manylinux_2_17_x86_64.manylinux2014_x86_64.whl", hash = "sha256:e197a6a8d113f1baf24987aee734d5351517d8934739821c522a97000018d2e5", size = 5068372, upload-time = "2026-01-23T19:37:46.567Z" },
]

[[package]]
name = "opentelemetry-api"
version = "1.42.1"
source = { registry = "https://pypi.org/simple" }
dependencies = [
    { name = "typing-extensions" },
]
sdist = { url = "https://files.pythonhosted.org/packages/b4/1c/125e1c936c0873796771b7f04f6c93b9f1bf5d424cea90fda94a99f61da8/opentelemetry_api-1.42.1.tar.gz", hash = "sha256:56c63bea9f77b62856be8c47600474acad853b2924b99b1687c4cb6297166716", size = 72296, upload-time = "2026-05-21T16:32:49.335Z" }
wheels = [
    { url = "https://files.pythonhosted.org/packages/a3/ca/9520cc1f3dfbbd03ac5903bbf55833e257bc64b1cf30fa8b0d6df374d821/opentelemetry_api-1.42.1-py3-none-any.whl", hash = "sha256:51a69edacadbc03a8950ace1c4c21099cacc538820ac2c9e36277e78cebba714", size = 61311, upload-time = "2026-05-21T16:32:28.822Z" },
]

[[package]]
name = "paidf-orchestration"
version = "1.1.0"
source = { virtual = "." }

[package.dev-dependencies]
airflow-runtime = [
    { name = "bracex" },
    { name = "lark" },
    { name = "multi-storage-client" },
    { name = "pillow" },
    { name = "prettytable" },
    { name = "wcmatch" },
    { name = "xattr" },
]

[package.metadata]

[package.metadata.requires-dev]
airflow-runtime = [
    { name = "bracex", specifier = "==3.0" },
    { name = "lark", specifier = "==1.3.1" },
    { name = "multi-storage-client", specifier = "==0.41.0" },
    { name = "pillow", specifier = "==12.3.0" },
    { name = "prettytable", specifier = "==3.18.0" },
    { name = "wcmatch", specifier = "==10.2" },
    { name = "xattr", specifier = "==1.3.0" },
]

[[package]]
name = "pillow"
version = "12.3.0"
source = { registry = "https://pypi.org/simple" }
sdist = { url = "https://files.pythonhosted.org/packages/1c/3d/bb7fca845737cf9d7dbde16ed1843984665ff2e0a518f5db43e77ec540b9/pillow-12.3.0.tar.gz", hash = "sha256:3b8182a766685eaa002637e28b4ec8d6b18819a0c71f579bf0dbaa5830297cce", size = 47025035, upload-time = "2026-07-01T11:56:38.965Z" }
wheels = [
    { url = "https://files.pythonhosted.org/packages/fb/c8/0a78b0e02d7ac54bc03e5321c9220da52f0c2ea83b21f7c40e7f3169c502/pillow-12.3.0-cp311-cp311-macosx_10_10_x86_64.whl", hash = "sha256:00808c5e14ef63ac5161091d242999076604ff74b883423a11e5d7bbb38bf756", size = 5392415, upload-time = "2026-07-01T11:53:47.162Z" },
    { url = "https://files.pythonhosted.org/packages/b2/5b/a02d30018abd97ced9f5a6c63d28597694a00d066516b9c1c6de45859fc9/pillow-12.3.0-cp311-cp311-macosx_11_0_arm64.whl", hash = "sha256:37d6d0a00072fd2948eb22bce7e1475f34569d90c87c59f7a2ec59541b77f7a6", size = 4785266, upload-time = "2026-07-01T11:53:49.079Z" },
    { url = "https://files.pythonhosted.org/packages/c8/98/766667a4be768150a202836acd9fad19c06824ca86c4286d3cf6b274964e/pillow-12.3.0-cp311-cp311-manylinux_2_27_aarch64.manylinux_2_28_aarch64.whl", hash = "sha256:bcb46e2f9feff8d06323983bd83ed00c201fdcab3d74973e7072a889b3979fcd", size = 6263814, upload-time = "2026-07-01T11:53:51.32Z" },
    { url = "https://files.pythonhosted.org/packages/3b/2d/ede717bc1144f63886c21fd349bb95860b0d1a21149ff16f2bb362b612b6/pillow-12.3.0-cp311-cp311-manylinux_2_27_x86_64.manylinux_2_28_x86_64.whl", hash = "sha256:23d27a3e0307ec2244cc51e7287b919aa68d097504ebe19df4e76a98a3eea5bd", size = 6934408, upload-time = "2026-07-01T11:53:53.487Z" },
    { url = "https://files.pythonhosted.org/packages/a3/48/9c58b685e69d49c31af6c8eb9012055fab7e665785165c84796e2c73ce72/pillow-12.3.0-cp311-cp311-musllinux_1_2_aarch64.whl", hash = "sha256:4f883547d4b7f0495ebe7056b0cc2aea76094e7a4abc8e933540f3271df27d9c", size = 6337160, upload-time = "2026-07-01T11:53:55.457Z" },
    { url = "https://files.pythonhosted.org/packages/ff/fa/dc2a5c0ba6df93f67c31d34b808b7ce440b40cdbf96f0b81cde1d1e6fa93/pillow-12.3.0-cp311-cp311-musllinux_1_2_x86_64.whl", hash = "sha256:236ff70b9312fb68943c703aa842ca6a758abfa45ac187a5e7c1452e96ef72b5", size = 7045172, upload-time = "2026-07-01T11:53:57.736Z" },
    { url = "https://files.pythonhosted.org/packages/86/a5/444817a4d4c4c2417df00513086ca196f388d8f9ef40c2e4ccd1ad1af54b/pillow-12.3.0-cp311-cp311-win32.whl", hash = "sha256:10e41f0fbf1eec8cfd234b8fe17a4caac7c9d0db4c204d3c173a8f9f6ef3232b", size = 6472232, upload-time = "2026-07-01T11:53:59.767Z" },
    { url = "https://files.pythonhosted.org/packages/63/c6/4bad1b18d132a50b27e1365e1ab163616f7a5bb56d330f66f9d1d9d4f9d4/pillow-12.3.0-cp311-cp311-win_amd64.whl", hash = "sha256:8e95e1385e4998ae9694eeaa4730ba5457ff61185b3a55e2e7bea0880aef452a", size = 7233653, upload-time = "2026-07-01T11:54:02.066Z" },
    { url = "https://files.pythonhosted.org/packages/fd/16/00f91ab7760dc842f5aad55217e80fc4a7067a0604535249bc8a2d6d9870/pillow-12.3.0-cp311-cp311-win_arm64.whl", hash = "sha256:ebaea975e03d3141d9d3a507df75c9b3ec90fa9d2ffd07567b3a978d9d790b26", size = 2568195, upload-time = "2026-07-01T11:54:04.622Z" },
    { url = "https://files.pythonhosted.org/packages/75/18/2e8b40223153ccbc60df07f9e8928dc0c76202aa4e55ae9f53962b6510d6/pillow-12.3.0-pp311-pypy311_pp73-macosx_10_15_x86_64.whl", hash = "sha256:b3c777e849237620b022f7f297dd67705f9f5cf1685f09f02e46f93e92725468", size = 5302510, upload-time = "2026-07-01T11:56:25.736Z" },
    { url = "https://files.pythonhosted.org/packages/46/3e/51fabf59d5ab801ceab709453d3ab6b180083496579549de4c45ced6528a/pillow-12.3.0-pp311-pypy311_pp73-macosx_11_0_arm64.whl", hash = "sha256:b343699e8308bdc51978310e1c959c584e7869cc8c40780058c87da7781a1e94", size = 4736058, upload-time = "2026-07-01T11:56:28.041Z" },
    { url = "https://files.pythonhosted.org/packages/bf/20/22fe9384b7949e25fb1293bcfc84fb82590ff4ea6b37c95b24d26d793d86/pillow-12.3.0-pp311-pypy311_pp73-manylinux_2_27_aarch64.manylinux_2_28_aarch64.whl", hash = "sha256:fbd139c8447d25dd750ab79ee274cc5e1fe80fc56340ab10b18a195e1b6eca3e", size = 5237776, upload-time = "2026-07-01T11:56:30.263Z" },
    { url = "https://files.pythonhosted.org/packages/08/14/f6ba68107680ffa74b39985f3f30884e41318fbc4250caa423c79b4788bb/pillow-12.3.0-pp311-pypy311_pp73-manylinux_2_27_x86_64.manylinux_2_28_x86_64.whl", hash = "sha256:e7e480451b9fa137494bccd3a7d69adbe8ac65a87d97be61e11f1b1050a5bac3", size = 5860358, upload-time = "2026-07-01T11:56:32.68Z" },
    { url = "https://files.pythonhosted.org/packages/36/54/0169bc772ec491108b62f644f8ecf1fe5d8ae5ebafde2ee2142210166903/pillow-12.3.0-pp311-pypy311_pp73-win_amd64.whl", hash = "sha256:04f01d28a6aaff387bf842a13be313df23ba0597a44f1a976c9feb3c6ff4711a", size = 7231786, upload-time = "2026-07-01T11:56:35.046Z" },
]

[[package]]
name = "prettytable"
version = "3.18.0"
source = { registry = "https://pypi.org/simple" }
dependencies = [
    { name = "wcwidth" },
]
sdist = { url = "https://files.pythonhosted.org/packages/81/74/ba08d81e668ccfe8658d7520a307e63c19862c08eb4ccb26f356c5239a7a/prettytable-3.18.0.tar.gz", hash = "sha256:439217116152244369caf3d9f1caf2f9fe29b03bd79e88d2928c8e718c95d680", size = 76373, upload-time = "2026-06-22T16:07:50.174Z" }
wheels = [
    { url = "https://files.pythonhosted.org/packages/fe/be/2e6798ace5cc036f5d05d36b7b2fd85346f1a708c87060890b070d0ec607/prettytable-3.18.0-py3-none-any.whl", hash = "sha256:b3346e0e6f79180833aebaac088ae926340586cf6d7d991b9eb125b65f72313a", size = 37357, upload-time = "2026-06-22T16:07:48.595Z" },
]

[[package]]
name = "psutil"
version = "7.2.2"
source = { registry = "https://pypi.org/simple" }
sdist = { url = "https://files.pythonhosted.org/packages/aa/c6/d1ddf4abb55e93cebc4f2ed8b5d6dbad109ecb8d63748dd2b20ab5e57ebe/psutil-7.2.2.tar.gz", hash = "sha256:0746f5f8d406af344fd547f1c8daa5f5c33dbc293bb8d6a16d80b4bb88f59372", size = 493740, upload-time = "2026-01-28T18:14:54.428Z" }
wheels = [
    { url = "https://files.pythonhosted.org/packages/e7/36/5ee6e05c9bd427237b11b3937ad82bb8ad2752d72c6969314590dd0c2f6e/psutil-7.2.2-cp36-abi3-macosx_10_9_x86_64.whl", hash = "sha256:ed0cace939114f62738d808fdcecd4c869222507e266e574799e9c0faa17d486", size = 129090, upload-time = "2026-01-28T18:15:22.168Z" },
    { url = "https://files.pythonhosted.org/packages/80/c4/f5af4c1ca8c1eeb2e92ccca14ce8effdeec651d5ab6053c589b074eda6e1/psutil-7.2.2-cp36-abi3-macosx_11_0_arm64.whl", hash = "sha256:1a7b04c10f32cc88ab39cbf606e117fd74721c831c98a27dc04578deb0c16979", size = 129859, upload-time = "2026-01-28T18:15:23.795Z" },
    { url = "https://files.pythonhosted.org/packages/b5/70/5d8df3b09e25bce090399cf48e452d25c935ab72dad19406c77f4e828045/psutil-7.2.2-cp36-abi3-manylinux2010_x86_64.manylinux_2_12_x86_64.manylinux_2_28_x86_64.whl", hash = "sha256:076a2d2f923fd4821644f5ba89f059523da90dc9014e85f8e45a5774ca5bc6f9", size = 155560, upload-time = "2026-01-28T18:15:25.976Z" },
    { url = "https://files.pythonhosted.org/packages/63/65/37648c0c158dc222aba51c089eb3bdfa238e621674dc42d48706e639204f/psutil-7.2.2-cp36-abi3-manylinux2014_aarch64.manylinux_2_17_aarch64.manylinux_2_28_aarch64.whl", hash = "sha256:b0726cecd84f9474419d67252add4ac0cd9811b04d61123054b9fb6f57df6e9e", size = 156997, upload-time = "2026-01-28T18:15:27.794Z" },
    { url = "https://files.pythonhosted.org/packages/8e/13/125093eadae863ce03c6ffdbae9929430d116a246ef69866dad94da3bfbc/psutil-7.2.2-cp36-abi3-musllinux_1_2_aarch64.whl", hash = "sha256:fd04ef36b4a6d599bbdb225dd1d3f51e00105f6d48a28f006da7f9822f2606d8", size = 148972, upload-time = "2026-01-28T18:15:29.342Z" },
    { url = "https://files.pythonhosted.org/packages/04/78/0acd37ca84ce3ddffaa92ef0f571e073faa6d8ff1f0559ab1272188ea2be/psutil-7.2.2-cp36-abi3-musllinux_1_2_x86_64.whl", hash = "sha256:b58fabe35e80b264a4e3bb23e6b96f9e45a3df7fb7eed419ac0e5947c61e47cc", size = 148266, upload-time = "2026-01-28T18:15:31.597Z" },
    { url = "https://files.pythonhosted.org/packages/b4/90/e2159492b5426be0c1fef7acba807a03511f97c5f86b3caeda6ad92351a7/psutil-7.2.2-cp37-abi3-win_amd64.whl", hash = "sha256:eb7e81434c8d223ec4a219b5fc1c47d0417b12be7ea866e24fb5ad6e84b3d988", size = 137737, upload-time = "2026-01-28T18:15:33.849Z" },
    { url = "https://files.pythonhosted.org/packages/8c/c7/7bb2e321574b10df20cbde462a94e2b71d05f9bbda251ef27d104668306a/psutil-7.2.2-cp37-abi3-win_arm64.whl", hash = "sha256:8c233660f575a5a89e6d4cb65d9f938126312bca76d8fe087b947b3a1aaac9ee", size = 134617, upload-time = "2026-01-28T18:15:36.514Z" },
]

[[package]]
name = "pycparser"
version = "3.0"
source = { registry = "https://pypi.org/simple" }
sdist = { url = "https://files.pythonhosted.org/packages/1b/7d/92392ff7815c21062bea51aa7b87d45576f649f16458d78b7cf94b9ab2e6/pycparser-3.0.tar.gz", hash = "sha256:600f49d217304a5902ac3c37e1281c9fe94e4d0489de643a9504c5cdfdfc6b29", size = 103492, upload-time = "2026-01-21T14:26:51.89Z" }
wheels = [
    { url = "https://files.pythonhosted.org/packages/0c/c3/44f3fbbfa403ea2a7c779186dc20772604442dde72947e7d01069cbe98e3/pycparser-3.0-py3-none-any.whl", hash = "sha256:b727414169a36b7d524c1c3e31839a521725078d7b2ff038656844266160a992", size = 48172, upload-time = "2026-01-21T14:26:50.693Z" },
]

[[package]]
name = "python-dateutil"
version = "2.9.0.post0"
source = { registry = "https://pypi.org/simple" }
dependencies = [
    { name = "six" },
]
sdist = { url = "https://files.pythonhosted.org/packages/66/c0/0c8b6ad9f17a802ee498c46e004a0eb49bc148f2fd230864601a86dcf6db/python-dateutil-2.9.0.post0.tar.gz", hash = "sha256:37dd54208da7e1cd875388217d5e00ebd4179249f90fb72437e91a35459a0ad3", size = 342432, upload-time = "2024-03-01T18:36:20.211Z" }
wheels = [
    { url = "https://files.pythonhosted.org/packages/ec/57/56b9bcc3c9c6a792fcbaf139543cee77261f3651ca9da0c93f5c1221264b/python_dateutil-2.9.0.post0-py2.py3-none-any.whl", hash = "sha256:a8b2bc7bffae282281c8140a97d3aa9c14da0b136dfe83f850eea9a5f7470427", size = 229892, upload-time = "2024-03-01T18:36:18.57Z" },
]

[[package]]
name = "pyyaml"
version = "6.0.3"
source = { registry = "https://pypi.org/simple" }
sdist = { url = "https://files.pythonhosted.org/packages/05/8e/961c0007c59b8dd7729d542c61a4d537767a59645b82a0b521206e1e25c2/pyyaml-6.0.3.tar.gz", hash = "sha256:d76623373421df22fb4cf8817020cbb7ef15c725b9d5e45f17e189bfc384190f", size = 130960, upload-time = "2025-09-25T21:33:16.546Z" }
wheels = [
    { url = "https://files.pythonhosted.org/packages/6d/16/a95b6757765b7b031c9374925bb718d55e0a9ba8a1b6a12d25962ea44347/pyyaml-6.0.3-cp311-cp311-macosx_10_13_x86_64.whl", hash = "sha256:44edc647873928551a01e7a563d7452ccdebee747728c1080d881d68af7b997e", size = 185826, upload-time = "2025-09-25T21:31:58.655Z" },
    { url = "https://files.pythonhosted.org/packages/16/19/13de8e4377ed53079ee996e1ab0a9c33ec2faf808a4647b7b4c0d46dd239/pyyaml-6.0.3-cp311-cp311-macosx_11_0_arm64.whl", hash = "sha256:652cb6edd41e718550aad172851962662ff2681490a8a711af6a4d288dd96824", size = 175577, upload-time = "2025-09-25T21:32:00.088Z" },
    { url = "https://files.pythonhosted.org/packages/0c/62/d2eb46264d4b157dae1275b573017abec435397aa59cbcdab6fc978a8af4/pyyaml-6.0.3-cp311-cp311-manylinux2014_aarch64.manylinux_2_17_aarch64.manylinux_2_28_aarch64.whl", hash = "sha256:10892704fc220243f5305762e276552a0395f7beb4dbf9b14ec8fd43b57f126c", size = 775556, upload-time = "2025-09-25T21:32:01.31Z" },
    { url = "https://files.pythonhosted.org/packages/10/cb/16c3f2cf3266edd25aaa00d6c4350381c8b012ed6f5276675b9eba8d9ff4/pyyaml-6.0.3-cp311-cp311-manylinux2014_s390x.manylinux_2_17_s390x.manylinux_2_28_s390x.whl", hash = "sha256:850774a7879607d3a6f50d36d04f00ee69e7fc816450e5f7e58d7f17f1ae5c00", size = 882114, upload-time = "2025-09-25T21:32:03.376Z" },
    { url = "https://files.pythonhosted.org/packages/71/60/917329f640924b18ff085ab889a11c763e0b573da888e8404ff486657602/pyyaml-6.0.3-cp311-cp311-manylinux2014_x86_64.manylinux_2_17_x86_64.manylinux_2_28_x86_64.whl", hash = "sha256:b8bb0864c5a28024fac8a632c443c87c5aa6f215c0b126c449ae1a150412f31d", size = 806638, upload-time = "2025-09-25T21:32:04.553Z" },
    { url = "https://files.pythonhosted.org/packages/dd/6f/529b0f316a9fd167281a6c3826b5583e6192dba792dd55e3203d3f8e655a/pyyaml-6.0.3-cp311-cp311-musllinux_1_2_aarch64.whl", hash = "sha256:1d37d57ad971609cf3c53ba6a7e365e40660e3be0e5175fa9f2365a379d6095a", size = 767463, upload-time = "2025-09-25T21:32:06.152Z" },
    { url = "https://files.pythonhosted.org/packages/f2/6a/b627b4e0c1dd03718543519ffb2f1deea4a1e6d42fbab8021936a4d22589/pyyaml-6.0.3-cp311-cp311-musllinux_1_2_x86_64.whl", hash = "sha256:37503bfbfc9d2c40b344d06b2199cf0e96e97957ab1c1b546fd4f87e53e5d3e4", size = 794986, upload-time = "2025-09-25T21:32:07.367Z" },
    { url = "https://files.pythonhosted.org/packages/45/91/47a6e1c42d9ee337c4839208f30d9f09caa9f720ec7582917b264defc875/pyyaml-6.0.3-cp311-cp311-win32.whl", hash = "sha256:8098f252adfa6c80ab48096053f512f2321f0b998f98150cea9bd23d83e1467b", size = 142543, upload-time = "2025-09-25T21:32:08.95Z" },
    { url = "https://files.pythonhosted.org/packages/da/e3/ea007450a105ae919a72393cb06f122f288ef60bba2dc64b26e2646fa315/pyyaml-6.0.3-cp311-cp311-win_amd64.whl", hash = "sha256:9f3bfb4965eb874431221a3ff3fdcddc7e74e3b07799e0e84ca4a0f867d449bf", size = 158763, upload-time = "2025-09-25T21:32:09.96Z" },
]

[[package]]
name = "referencing"
version = "0.37.0"
source = { registry = "https://pypi.org/simple" }
dependencies = [
    { name = "attrs" },
    { name = "rpds-py" },
    { name = "typing-extensions" },
]
sdist = { url = "https://files.pythonhosted.org/packages/22/f5/df4e9027acead3ecc63e50fe1e36aca1523e1719559c499951bb4b53188f/referencing-0.37.0.tar.gz", hash = "sha256:44aefc3142c5b842538163acb373e24cce6632bd54bdb01b21ad5863489f50d8", size = 78036, upload-time = "2025-10-13T15:30:48.871Z" }
wheels = [
    { url = "https://files.pythonhosted.org/packages/2c/58/ca301544e1fa93ed4f80d724bf5b194f6e4b945841c5bfd555878eea9fcb/referencing-0.37.0-py3-none-any.whl", hash = "sha256:381329a9f99628c9069361716891d34ad94af76e461dcb0335825aecc7692231", size = 26766, upload-time = "2025-10-13T15:30:47.625Z" },
]

[[package]]
name = "rpds-py"
version = "2026.5.1"
source = { registry = "https://pypi.org/simple" }
sdist = { url = "https://files.pythonhosted.org/packages/2e/43/25a8dcd3feedd735039a8f0b5b7e3b118232b5eae288c4fd9ab200d41094/rpds_py-2026.5.1.tar.gz", hash = "sha256:07b24fea40541e28570e5b795a4a38fbdcd12550c06bd0748005ecc8116ca256", size = 64459, upload-time = "2026-05-28T12:02:13.232Z" }
wheels = [
    { url = "https://files.pythonhosted.org/packages/4f/a0/acf8b6fc20bfdcd3a45bd3f57680fb198e157b7e997b9123b10763798bd2/rpds_py-2026.5.1-cp311-cp311-macosx_10_12_x86_64.whl", hash = "sha256:3397a5ed7174dc2786bb214030232fc36fe8e5584fec43a9952cc542b1a12036", size = 355609, upload-time = "2026-05-28T11:58:50.78Z" },
    { url = "https://files.pythonhosted.org/packages/b6/95/f8203fd997484b1690a6869cd0e503b6c3c6be55b0ecc36d1a491fe742f0/rpds_py-2026.5.1-cp311-cp311-macosx_11_0_arm64.whl", hash = "sha256:99ab6ba7bfa2cb0f96a04e3652355bf04e3f51aceb1e943b8541dab7ba4828cc", size = 348460, upload-time = "2026-05-28T11:58:52.374Z" },
    { url = "https://files.pythonhosted.org/packages/33/8c/b47326ad2f0be545a5e5c1a55937a12afaea7d392ba2837bb9680f57e6c9/rpds_py-2026.5.1-cp311-cp311-manylinux_2_17_aarch64.manylinux2014_aarch64.whl", hash = "sha256:d0efbe45632665e53e3db8fe1e5692db58fc5cb9bab4459d570b83efefe11164", size = 381031, upload-time = "2026-05-28T11:58:53.775Z" },
    { url = "https://files.pythonhosted.org/packages/22/0b/e83bbd97ffac6f6389b605cd4e1c8ac5761dc7e977769c9255d8c5adb7bd/rpds_py-2026.5.1-cp311-cp311-manylinux_2_17_armv7l.manylinux2014_armv7l.whl", hash = "sha256:01d17b29c0c23d82b1f4751147ec49cf451f1fc2554eb9ef5f957e55d2656ead", size = 387121, upload-time = "2026-05-28T11:58:55.243Z" },
    { url = "https://files.pythonhosted.org/packages/fd/0e/d285d1bc8864245919c61e1ca82263e4a66d337759c3a4cef72766ff9afc/rpds_py-2026.5.1-cp311-cp311-manylinux_2_17_ppc64le.manylinux2014_ppc64le.whl", hash = "sha256:7559f72b94ae52659086c595dfa017cde03155f7832071d30959049052cb3ece", size = 501026, upload-time = "2026-05-28T11:58:56.788Z" },
    { url = "https://files.pythonhosted.org/packages/86/06/ccb2109a1e543437b5e43816f2b43b9554cc6783145528a4e3711e05c011/rpds_py-2026.5.1-cp311-cp311-manylinux_2_17_s390x.manylinux2014_s390x.whl", hash = "sha256:9e25b7088f9ccbfc0dfcaa52bf969300ca229e10ecf758974ebcbb080a4b37bb", size = 391865, upload-time = "2026-05-28T11:58:58.298Z" },
    { url = "https://files.pythonhosted.org/packages/3d/33/237173db1cfef10105b3839a24de00eb8d2a523711add4632447cdf0aedd/rpds_py-2026.5.1-cp311-cp311-manylinux_2_17_x86_64.manylinux2014_x86_64.whl", hash = "sha256:613fc4ee9eaef26dc5840666214dd6fbcebcf32f46e76f4abc473059f4e13dda", size = 378012, upload-time = "2026-05-28T11:58:59.589Z" },
    { url = "https://files.pythonhosted.org/packages/97/64/1eae54e34d5161f9969295e80bd6b62a55f2b6ac5f2a5b60d02c2140e758/rpds_py-2026.5.1-cp311-cp311-manylinux_2_31_riscv64.whl", hash = "sha256:85264a90ff4c05c1568dd65f5921c837614b67c60358fb4c17df3b7f2e90690a", size = 391111, upload-time = "2026-05-28T11:59:01.104Z" },
    { url = "https://files.pythonhosted.org/packages/d8/34/5bb334a5a0f65d77869217c4654f34c78a7d11b93938a3c076a2edeafc52/rpds_py-2026.5.1-cp311-cp311-manylinux_2_5_i686.manylinux1_i686.whl", hash = "sha256:fe71bca7d547acb17027c7fd1624ff8aae623499c498d3e7011182c4de5c25e0", size = 409225, upload-time = "2026-05-28T11:59:02.433Z" },
    { url = "https://files.pythonhosted.org/packages/16/0f/007ec21283b5b040b4ec3bd95e0402591e22bfa7d5c93dfe01c465c2d2d7/rpds_py-2026.5.1-cp311-cp311-musllinux_1_2_aarch64.whl", hash = "sha256:a05fa4f41f37ec97c9c260441a940450a192f78d774d2b097eee1379f1e1246a", size = 556487, upload-time = "2026-05-28T11:59:04.012Z" },
    { url = "https://files.pythonhosted.org/packages/ff/10/5437c94508169b6b22d8418fef7a66e9ffb5f3b9e9c94460f2eedafe06ff/rpds_py-2026.5.1-cp311-cp311-musllinux_1_2_i686.whl", hash = "sha256:df1d2a1996755b24b9ecee92cb4d36c28f86f464a6a173349c26bab41e94b8c2", size = 620798, upload-time = "2026-05-28T11:59:05.485Z" },
    { url = "https://files.pythonhosted.org/packages/e0/d5/9937dce4d6bda74157b954e7d1460db05a22f5929dccfeeba1ed27a93df0/rpds_py-2026.5.1-cp311-cp311-musllinux_1_2_x86_64.whl", hash = "sha256:8895840ac4809e5f60c88fd07617cd71326e73d6e5a8aa783c5c0f7c24985de2", size = 584053, upload-time = "2026-05-28T11:59:06.837Z" },
    { url = "https://files.pythonhosted.org/packages/6c/31/750617dd0ae1752471bf43f9e41d263398fae7cde7849d23b8574a70e617/rpds_py-2026.5.1-cp311-cp311-win32.whl", hash = "sha256:3684a59b158a7683aaeb8e25352e9a9dd2122cec78f2d8530266e4f91b4c7b3f", size = 214390, upload-time = "2026-05-28T11:59:08.402Z" },
    { url = "https://files.pythonhosted.org/packages/3c/bb/3dcab0e1d9516303f2eb672a5d6f62eca5a69e2886301e9c8c54b520c39b/rpds_py-2026.5.1-cp311-cp311-win_amd64.whl", hash = "sha256:7bd530e6a530bb3ea892f194fafa455f3516ac25ecf7143fd33c09be62b0470a", size = 231097, upload-time = "2026-05-28T11:59:09.786Z" },
    { url = "https://files.pythonhosted.org/packages/49/d6/c6bbf5cb1cf12b9732df8074b57f6ef8341ba884c95d40632ae8bddb44e4/rpds_py-2026.5.1-cp311-cp311-win_arm64.whl", hash = "sha256:0a5ae4dbe43c1076983b72616496919872ae7bbe7a1e21cc48336bc3154d130b", size = 226361, upload-time = "2026-05-28T11:59:11.079Z" },
    { url = "https://files.pythonhosted.org/packages/42/56/3fe0fb34820ff667be791b3a3c22b85e8bcba54e9c832f47438c191fa7be/rpds_py-2026.5.1-pp311-pypy311_pp73-macosx_10_12_x86_64.whl", hash = "sha256:edf2765d84e42447f112ad877af8fe1db0089aaec5b28e88d6eab45e7fe99cea", size = 357151, upload-time = "2026-05-28T12:01:53.43Z" },
    { url = "https://files.pythonhosted.org/packages/8b/f2/3eb9ccdb9f143b8c9b003978898cb497f942a324c077401e6b8834238e63/rpds_py-2026.5.1-pp311-pypy311_pp73-macosx_11_0_arm64.whl", hash = "sha256:ad3773236e95f7f33991eb125224b7da66f206504d032a253a02da7e134519fb", size = 350195, upload-time = "2026-05-28T12:01:54.901Z" },
    { url = "https://files.pythonhosted.org/packages/a7/24/dbda232bc4f3ed732120692ab0d2c8402cb020516556d8bee622dcef2413/rpds_py-2026.5.1-pp311-pypy311_pp73-manylinux_2_17_aarch64.manylinux2014_aarch64.whl", hash = "sha256:a04df86b3f0fade39ec8fd0e0aab089b1da9fbd2b48df778a57ef96f5e7d38df", size = 381850, upload-time = "2026-05-28T12:01:56.601Z" },
    { url = "https://files.pythonhosted.org/packages/40/30/32e769839a358f78810c234f160f2cc21d1e4e47e1c0e0e0d535be5a0219/rpds_py-2026.5.1-pp311-pypy311_pp73-manylinux_2_17_armv7l.manylinux2014_armv7l.whl", hash = "sha256:6142dbd80c4df62a5d899f0d616d417f84e0bc8d32526c8e5589019d75d028a7", size = 387899, upload-time = "2026-05-28T12:01:58.212Z" },
    { url = "https://files.pythonhosted.org/packages/ab/86/ec84d243aadb3b34b71dd26a010d0930b2d284ff5fc9a69fec53810ee6fd/rpds_py-2026.5.1-pp311-pypy311_pp73-manylinux_2_17_ppc64le.manylinux2014_ppc64le.whl", hash = "sha256:0b35217adefe87f2fe4db7e9766cabe84744bfe9616d9667be18988928c7f2dc", size = 501618, upload-time = "2026-05-28T12:01:59.888Z" },
    { url = "https://files.pythonhosted.org/packages/74/25/b60e52686bbff777a64f9e4f4d3dd57980dc846913777177a2c92e4937aa/rpds_py-2026.5.1-pp311-pypy311_pp73-manylinux_2_17_s390x.manylinux2014_s390x.whl", hash = "sha256:b95d5e11fc712b752081183a55a244c03cd00570489edd7014d8899f8ceb8162", size = 394003, upload-time = "2026-05-28T12:02:01.482Z" },
    { url = "https://files.pythonhosted.org/packages/9b/c7/b3a6a588cc2219510ef3f42e207483a93950bedd1e3a0fd4015c95cff9e5/rpds_py-2026.5.1-pp311-pypy311_pp73-manylinux_2_17_x86_64.manylinux2014_x86_64.whl", hash = "sha256:141c9498daf2ace9eda35d2b0e376f9ea8b058d84f2aef4f96fccfd449a2f251", size = 379778, upload-time = "2026-05-28T12:02:03.197Z" },
    { url = "https://files.pythonhosted.org/packages/31/00/c7dba3fc8a3da8cb3f6db1eb3386be4d79c2e97c6890d20eb9ac66ae8c43/rpds_py-2026.5.1-pp311-pypy311_pp73-manylinux_2_31_riscv64.whl", hash = "sha256:6f249f8b860a200ad35193af961183ebe9132710484e6f6ce0cf89fd83c63a9a", size = 392359, upload-time = "2026-05-28T12:02:04.817Z" },
    { url = "https://files.pythonhosted.org/packages/93/dd/472ba494c70753f93745992c99855bee0636daf74e6984e5e003f150316f/rpds_py-2026.5.1-pp311-pypy311_pp73-manylinux_2_5_i686.manylinux1_i686.whl", hash = "sha256:e4abbf391a70be864920858bf360f4fb380577c9a0f732438a1996726e2c195b", size = 412820, upload-time = "2026-05-28T12:02:06.401Z" },
    { url = "https://files.pythonhosted.org/packages/1d/6f/93831a3bfe789542ed0c1d0d74b78b440f055d6dc3ea4640eba2d95e6e23/rpds_py-2026.5.1-pp311-pypy311_pp73-musllinux_1_2_aarch64.whl", hash = "sha256:c74005a7bb87752acf351c93897ec63ad77a07a0da7ecad9c050e32e7286ba34", size = 557243, upload-time = "2026-05-28T12:02:08.013Z" },
    { url = "https://files.pythonhosted.org/packages/1f/ff/0b3d604614ffc77522c6b288fdbce68957eb583da1002aa65ba38ac0ee40/rpds_py-2026.5.1-pp311-pypy311_pp73-musllinux_1_2_i686.whl", hash = "sha256:8213afbe8a3a906fb9acb2014423fe3359ee783d0bf90995f70623a3217bfa6c", size = 623541, upload-time = "2026-05-28T12:02:09.661Z" },
    { url = "https://files.pythonhosted.org/packages/ea/ea/e7b0251441da9adfeaebcf29601d10f2a1455fcf0772fae9e7e19032bd96/rpds_py-2026.5.1-pp311-pypy311_pp73-musllinux_1_2_x86_64.whl", hash = "sha256:8c43a8a973270fd173bf48cdf80bbe66312421cba68d40845034f174f2389049", size = 586326, upload-time = "2026-05-28T12:02:11.47Z" },
]

[[package]]
name = "six"
version = "1.17.0"
source = { registry = "https://pypi.org/simple" }
sdist = { url = "https://files.pythonhosted.org/packages/94/e7/b2c673351809dca68a0e064b6af791aa332cf192da575fd474ed7d6f16a2/six-1.17.0.tar.gz", hash = "sha256:ff70335d468e7eb6ec65b95b99d3a2836546063f63acc5171de367e834932a81", size = 34031, upload-time = "2024-12-04T17:35:28.174Z" }
wheels = [
    { url = "https://files.pythonhosted.org/packages/b7/ce/149a00dd41f10bc29e5921b496af8b574d8413afcd5e30dfa0ed46c2cc5e/six-1.17.0-py2.py3-none-any.whl", hash = "sha256:4721f391ed90541fddacab5acf947aa0d3dc7d27b2e1e8eda2be8970586c3274", size = 11050, upload-time = "2024-12-04T17:35:26.475Z" },
]

[[package]]
name = "tqdm"
version = "4.68.2"
source = { registry = "https://pypi.org/simple" }
dependencies = [
    { name = "colorama", marker = "sys_platform == 'win32'" },
]
sdist = { url = "https://files.pythonhosted.org/packages/85/05/0d5260f1f1ca784f4a4a0def9cbe6affe587f5b4025328d446c3d67765f4/tqdm-4.68.2.tar.gz", hash = "sha256:89c230e8dbc67c7615c142487111222f878c77427ea09549960f62389e258add", size = 171923, upload-time = "2026-06-09T13:26:42.539Z" }
wheels = [
    { url = "https://files.pythonhosted.org/packages/eb/75/1a0392bcc21c44dcdf87b3cf2d137e7829be2c083a1e38d44efca3d57a16/tqdm-4.68.2-py3-none-any.whl", hash = "sha256:d4240441fb5353290b87d6a85968c9decc131a99b8c7faa28269d829de669ede", size = 78578, upload-time = "2026-06-09T13:26:40.731Z" },
]

[[package]]
name = "typing-extensions"
version = "4.15.0"
source = { registry = "https://pypi.org/simple" }
sdist = { url = "https://files.pythonhosted.org/packages/72/94/1a15dd82efb362ac84269196e94cf00f187f7ed21c242792a923cdb1c61f/typing_extensions-4.15.0.tar.gz", hash = "sha256:0cea48d173cc12fa28ecabc3b837ea3cf6f38c6d1136f85cbaaf598984861466", size = 109391, upload-time = "2025-08-25T13:49:26.313Z" }
wheels = [
    { url = "https://files.pythonhosted.org/packages/18/67/36e9267722cc04a6b9f15c7f3441c2363321a3ea07da7ae0c0707beb2a9c/typing_extensions-4.15.0-py3-none-any.whl", hash = "sha256:f0fa19c6845758ab08074a0cfa8b7aecb71c999ca73d62883bc25cc018c4e548", size = 44614, upload-time = "2025-08-25T13:49:24.86Z" },
]

[[package]]
name = "tzdata"
version = "2025.3"
source = { registry = "https://pypi.org/simple" }
sdist = { url = "https://files.pythonhosted.org/packages/5e/a7/c202b344c5ca7daf398f3b8a477eeb205cf3b6f32e7ec3a6bac0629ca975/tzdata-2025.3.tar.gz", hash = "sha256:de39c2ca5dc7b0344f2eba86f49d614019d29f060fc4ebc8a417896a620b56a7", size = 196772, upload-time = "2025-12-13T17:45:35.667Z" }
wheels = [
    { url = "https://files.pythonhosted.org/packages/c7/b0/003792df09decd6849a5e39c28b513c06e84436a54440380862b5aeff25d/tzdata-2025.3-py2.py3-none-any.whl", hash = "sha256:06a47e5700f3081aab02b2e513160914ff0694bce9947d6b76ebd6bf57cfc5d1", size = 348521, upload-time = "2025-12-13T17:45:33.889Z" },
]

[[package]]
name = "wcmatch"
version = "10.2"
source = { registry = "https://pypi.org/simple" }
dependencies = [
    { name = "bracex" },
]
sdist = { url = "https://files.pythonhosted.org/packages/45/98/eb989c3113908e2ef46d940a53695a1ebb4be5a732c4a4f700be8f8d682b/wcmatch-10.2.tar.gz", hash = "sha256:92204839e3e9c945e1e71d7e1e4edeab2601ed50a5c51ff4f3f97ca711eeb738", size = 132499, upload-time = "2026-06-30T00:50:07.198Z" }
wheels = [
    { url = "https://files.pythonhosted.org/packages/d4/73/aef4aaf16b8d785762e2b14cf321a9178cc84a1bf4c40f58320f499a2d65/wcmatch-10.2-py3-none-any.whl", hash = "sha256:f1a79e80ccbe296907b7eaf57d8d3bc49eab0b428d35f7d09986b5079b6e4a5d", size = 39742, upload-time = "2026-06-30T00:50:05.927Z" },
]

[[package]]
name = "wcwidth"
version = "0.8.1"
source = { registry = "https://pypi.org/simple" }
sdist = { url = "https://files.pythonhosted.org/packages/49/b4/51fe890511f0f242d07cb1ebe6a5b6db417262b9d2568b460347c57d95cc/wcwidth-0.8.1.tar.gz", hash = "sha256:faf5b4a5366a72dc49cad48cdf21f52bdf63bdda995178e483ba247ff79089b9", size = 1466072, upload-time = "2026-06-08T05:57:23.146Z" }
wheels = [
    { url = "https://files.pythonhosted.org/packages/bd/6e/95b0e537de1f4d4301f76f944642c6da50d1511cc7b3d64dc418a66c7509/wcwidth-0.8.1-py3-none-any.whl", hash = "sha256:f453740b1e4a4f3291faa37944c555d71056c4da08d59809b307ef4feba695c8", size = 323092, upload-time = "2026-06-08T05:57:21.413Z" },
]

[[package]]
name = "xattr"
version = "1.3.0"
source = { registry = "https://pypi.org/simple" }
dependencies = [
    { name = "cffi" },
]
sdist = { url = "https://files.pythonhosted.org/packages/08/d5/25f7b19af3a2cb4000cac4f9e5525a40bec79f4f5d0ac9b517c0544586a0/xattr-1.3.0.tar.gz", hash = "sha256:30439fabd7de0787b27e9a6e1d569c5959854cb322f64ce7380fedbfa5035036", size = 17148, upload-time = "2025-10-13T22:16:47.353Z" }
wheels = [
    { url = "https://files.pythonhosted.org/packages/8a/64/292426ad5653e72c6e1325bbff22868a20077290d967cebb9c0624ad08b6/xattr-1.3.0-cp311-cp311-macosx_10_9_universal2.whl", hash = "sha256:331a51bf8f20c27822f44054b0d760588462d3ed472d5e52ba135cf0bea510e8", size = 23448, upload-time = "2025-10-13T22:15:59.229Z" },
    { url = "https://files.pythonhosted.org/packages/63/84/6539fbe620da8e5927406e76b9c8abad8953025d5f578d792747c38a8c0e/xattr-1.3.0-cp311-cp311-macosx_10_9_x86_64.whl", hash = "sha256:196360f068b74fa0132a8c6001ce1333f095364b8f43b6fd8cdaf2f18741ef89", size = 18553, upload-time = "2025-10-13T22:16:00.151Z" },
    { url = "https://files.pythonhosted.org/packages/cc/bb/c1c2e24a49f8d13ff878fb85aabc42ea1b2f98ce08d8205b9661d517a9cc/xattr-1.3.0-cp311-cp311-macosx_11_0_arm64.whl", hash = "sha256:405d2e4911d37f2b9400fa501acd920fe0c97fe2b2ec252cb23df4b59c000811", size = 18848, upload-time = "2025-10-13T22:16:01.046Z" },
    { url = "https://files.pythonhosted.org/packages/02/c2/a60aad150322b217dfe33695d8d9f32bc01e8f300641b6ba4b73f4b3c03f/xattr-1.3.0-cp311-cp311-manylinux1_x86_64.manylinux2014_x86_64.manylinux_2_17_x86_64.manylinux_2_5_x86_64.whl", hash = "sha256:4ae3a66ae1effd40994f64defeeaa97da369406485e60bfb421f2d781be3b75d", size = 38547, upload-time = "2025-10-13T22:16:01.973Z" },
    { url = "https://files.pythonhosted.org/packages/c6/58/2eca142bad4ea0a2be6b58d3122d0acce310c4e53fa7defd168202772178/xattr-1.3.0-cp311-cp311-manylinux2014_aarch64.manylinux_2_17_aarch64.whl", hash = "sha256:69cd3bfe779f7ba87abe6473fdfa428460cf9e78aeb7e390cfd737b784edf1b5", size = 38753, upload-time = "2025-10-13T22:16:03.244Z" },
    { url = "https://files.pythonhosted.org/packages/2b/50/d032e5254c2c27d36bdb02abdf2735db6768a441f0e3d0f139e0f9f56638/xattr-1.3.0-cp311-cp311-musllinux_1_2_aarch64.whl", hash = "sha256:c5742ca61761a99ae0c522f90a39d5fb8139280f27b254e3128482296d1df2db", size = 38054, upload-time = "2025-10-13T22:16:04.656Z" },
    { url = "https://files.pythonhosted.org/packages/04/24/458a306439aabe0083ca0a7b14c3e6a800ab9782b5ec0bdcec4ec9f3dc6c/xattr-1.3.0-cp311-cp311-musllinux_1_2_x86_64.whl", hash = "sha256:4a04ada131e9bdfd32db3ab1efa9f852646f4f7c9d6fde0596c3825c67161be3", size = 37562, upload-time = "2025-10-13T22:16:05.97Z" },
]
